// !$*UTF8*$!
{
	archiveVersion = 1;
	classes = {
	};
	objectVersion = 47;
	objects = {

/* Begin PBXBuildFile section */
		BC17548C1BD6B34E002D1283 /* MapKit.framework in Frameworks */ = {isa = PBXBuildFile; fileRef = BC17548B1BD6B34E002D1283 /* MapKit.framework */; };
		BC17548E1BD6B491002D1283 /* MapViewController.swift in Sources */ = {isa = PBXBuildFile; fileRef = BC17548D1BD6B491002D1283 /* MapViewController.swift */; };
		BC197B1A1BBEBAF2008D6110 /* LocationsViewController.swift in Sources */ = {isa = PBXBuildFile; fileRef = BC197B191BBEBAF2008D6110 /* LocationsViewController.swift */; };
		BC197B201BC98938008D6110 /* LocationCell.swift in Sources */ = {isa = PBXBuildFile; fileRef = BC197B1F1BC98938008D6110 /* LocationCell.swift */; };
		BC2553A41BF8F6600010320C /* Sound.caf in Resources */ = {isa = PBXBuildFile; fileRef = BC2553A31BF8F6600010320C /* Sound.caf */; };
		BC2FEB1C1B9E06B600A5D3C8 /* AppDelegate.swift in Sources */ = {isa = PBXBuildFile; fileRef = BC2FEB1B1B9E06B600A5D3C8 /* AppDelegate.swift */; };
		BC2FEB1E1B9E06B600A5D3C8 /* PlazaViewController.swift in Sources */ = {isa = PBXBuildFile; fileRef = BC2FEB1D1B9E06B600A5D3C8 /* PlazaViewController.swift */; };
		BC2FEB201B9E06B600A5D3C8 /* EventViewController.swift in Sources */ = {isa = PBXBuildFile; fileRef = BC2FEB1F1B9E06B600A5D3C8 /* EventViewController.swift */; };
		BC2FEB231B9E06B600A5D3C8 /* Main.storyboard in Resources */ = {isa = PBXBuildFile; fileRef = BC2FEB211B9E06B600A5D3C8 /* Main.storyboard */; };
		BC2FEB251B9E06B600A5D3C8 /* Images.xcassets in Resources */ = {isa = PBXBuildFile; fileRef = BC2FEB241B9E06B600A5D3C8 /* Images.xcassets */; };
		BC2FEB281B9E06B600A5D3C8 /* LaunchScreen.xib in Resources */ = {isa = PBXBuildFile; fileRef = BC2FEB261B9E06B600A5D3C8 /* LaunchScreen.xib */; };
		BC2FEB341B9E06B600A5D3C8 /* BubbleTests.swift in Sources */ = {isa = PBXBuildFile; fileRef = BC2FEB331B9E06B600A5D3C8 /* BubbleTests.swift */; };
		BC2FEB3E1BA590C300A5D3C8 /* ChatViewController.swift in Sources */ = {isa = PBXBuildFile; fileRef = BC2FEB3D1BA590C300A5D3C8 /* ChatViewController.swift */; };
		BC2FEB401BA5932900A5D3C8 /* CurrentLocationViewController.swift in Sources */ = {isa = PBXBuildFile; fileRef = BC2FEB3F1BA5932900A5D3C8 /* CurrentLocationViewController.swift */; };
		BC74B9D41BE504D400FE4F3E /* BubbleControl.swift in Sources */ = {isa = PBXBuildFile; fileRef = BC74B9D31BE504D400FE4F3E /* BubbleControl.swift */; };
		BC74B9D61BE56B7B00FE4F3E /* UIImage+Resize.swift in Sources */ = {isa = PBXBuildFile; fileRef = BC74B9D51BE56B7B00FE4F3E /* UIImage+Resize.swift */; };
		BC74B9D81BE5706E00FE4F3E /* String+AddText.swift in Sources */ = {isa = PBXBuildFile; fileRef = BC74B9D71BE5706E00FE4F3E /* String+AddText.swift */; };
		BC74B9FF1BF0DDCA00FE4F3E /* MyTabBarController.swift in Sources */ = {isa = PBXBuildFile; fileRef = BC74B9FE1BF0DDCA00FE4F3E /* MyTabBarController.swift */; };
		BC74BA011BF0DF1800FE4F3E /* MyNavigationController.swift in Sources */ = {isa = PBXBuildFile; fileRef = BC74BA001BF0DF1800FE4F3E /* MyNavigationController.swift */; };
		BC74BA031BF0E13200FE4F3E /* MyImagePickerController.swift in Sources */ = {isa = PBXBuildFile; fileRef = BC74BA021BF0E13200FE4F3E /* MyImagePickerController.swift */; };
		BCB9671C1BB83841002FAA0F /* Functions.swift in Sources */ = {isa = PBXBuildFile; fileRef = BCB9671B1BB83841002FAA0F /* Functions.swift */; };
		BCB9671F1BB8435F002FAA0F /* DataModel.xcdatamodeld in Sources */ = {isa = PBXBuildFile; fileRef = BCB9671D1BB8435F002FAA0F /* DataModel.xcdatamodeld */; };
		BCB967221BB846B6002FAA0F /* Location+CoreDataProperties.swift in Sources */ = {isa = PBXBuildFile; fileRef = BCB967201BB846B6002FAA0F /* Location+CoreDataProperties.swift */; };
		BCB967231BB846B6002FAA0F /* Location.swift in Sources */ = {isa = PBXBuildFile; fileRef = BCB967211BB846B6002FAA0F /* Location.swift */; };
		BCCAFA301BAB40A000765DC7 /* SocketIO.framework in Frameworks */ = {isa = PBXBuildFile; fileRef = BCCAFA2F1BAB40A000765DC7 /* SocketIO.framework */; };
		BCCAFA371BAB430400765DC7 /* SocketIO.framework.dSYM in CopyFiles */ = {isa = PBXBuildFile; fileRef = BCCAFA361BAB430400765DC7 /* SocketIO.framework.dSYM */; };
		BCCAFA771BAB550600765DC7 /* Alamofire.framework in Frameworks */ = {isa = PBXBuildFile; fileRef = BCCAFA761BAB550600765DC7 /* Alamofire.framework */; };
		BCCAFA791BAB554900765DC7 /* Alamofire.framework.dSYM in CopyFiles */ = {isa = PBXBuildFile; fileRef = BCCAFA781BAB554900765DC7 /* Alamofire.framework.dSYM */; };
		BCE013CD1BB44FF6000A0A42 /* CategoryPickerViewController.swift in Sources */ = {isa = PBXBuildFile; fileRef = BCE013CC1BB44FF6000A0A42 /* CategoryPickerViewController.swift */; };
		BCE013CF1BB47B13000A0A42 /* HudView.swift in Sources */ = {isa = PBXBuildFile; fileRef = BCE013CE1BB47B13000A0A42 /* HudView.swift */; };
		BCE013D11BB82141000A0A42 /* Assets.xcassets in Resources */ = {isa = PBXBuildFile; fileRef = BCE013D01BB82141000A0A42 /* Assets.xcassets */; };
		BCECD9511BA6048400981A57 /* LocationDetailsViewController.swift in Sources */ = {isa = PBXBuildFile; fileRef = BCECD9501BA6048400981A57 /* LocationDetailsViewController.swift */; };
/* End PBXBuildFile section */

/* Begin PBXContainerItemProxy section */
		BC2FEB2E1B9E06B600A5D3C8 /* PBXContainerItemProxy */ = {
			isa = PBXContainerItemProxy;
			containerPortal = BC2FEB0E1B9E06B600A5D3C8 /* Project object */;
			proxyType = 1;
			remoteGlobalIDString = BC2FEB151B9E06B600A5D3C8;
			remoteInfo = Bubble;
		};
/* End PBXContainerItemProxy section */

/* Begin PBXCopyFilesBuildPhase section */
		BCCAFA311BAB412900765DC7 /* CopyFiles */ = {
			isa = PBXCopyFilesBuildPhase;
			buildActionMask = 2147483647;
			dstPath = "";
			dstSubfolderSpec = 16;
			files = (
				BCCAFA791BAB554900765DC7 /* Alamofire.framework.dSYM in CopyFiles */,
				BCCAFA371BAB430400765DC7 /* SocketIO.framework.dSYM in CopyFiles */,
			);
			runOnlyForDeploymentPostprocessing = 0;
		};
/* End PBXCopyFilesBuildPhase section */

/* Begin PBXFileReference section */
		BC17548B1BD6B34E002D1283 /* MapKit.framework */ = {isa = PBXFileReference; lastKnownFileType = wrapper.framework; name = MapKit.framework; path = System/Library/Frameworks/MapKit.framework; sourceTree = SDKROOT; };
		BC17548D1BD6B491002D1283 /* MapViewController.swift */ = {isa = PBXFileReference; fileEncoding = 4; lastKnownFileType = sourcecode.swift; path = MapViewController.swift; sourceTree = "<group>"; };
		BC197B191BBEBAF2008D6110 /* LocationsViewController.swift */ = {isa = PBXFileReference; fileEncoding = 4; lastKnownFileType = sourcecode.swift; path = LocationsViewController.swift; sourceTree = "<group>"; };
		BC197B1F1BC98938008D6110 /* LocationCell.swift */ = {isa = PBXFileReference; fileEncoding = 4; lastKnownFileType = sourcecode.swift; path = LocationCell.swift; sourceTree = "<group>"; };
		BC2553A31BF8F6600010320C /* Sound.caf */ = {isa = PBXFileReference; lastKnownFileType = file; path = Sound.caf; sourceTree = "<group>"; };
		BC2FEB161B9E06B600A5D3C8 /* Bubble.app */ = {isa = PBXFileReference; explicitFileType = wrapper.application; includeInIndex = 0; path = Bubble.app; sourceTree = BUILT_PRODUCTS_DIR; };
		BC2FEB1A1B9E06B600A5D3C8 /* Info.plist */ = {isa = PBXFileReference; lastKnownFileType = text.plist.xml; path = Info.plist; sourceTree = "<group>"; };
		BC2FEB1B1B9E06B600A5D3C8 /* AppDelegate.swift */ = {isa = PBXFileReference; lastKnownFileType = sourcecode.swift; path = AppDelegate.swift; sourceTree = "<group>"; };
		BC2FEB1D1B9E06B600A5D3C8 /* PlazaViewController.swift */ = {isa = PBXFileReference; lastKnownFileType = sourcecode.swift; path = PlazaViewController.swift; sourceTree = "<group>"; };
		BC2FEB1F1B9E06B600A5D3C8 /* EventViewController.swift */ = {isa = PBXFileReference; lastKnownFileType = sourcecode.swift; path = EventViewController.swift; sourceTree = "<group>"; };
		BC2FEB221B9E06B600A5D3C8 /* Base */ = {isa = PBXFileReference; lastKnownFileType = file.storyboard; name = Base; path = Base.lproj/Main.storyboard; sourceTree = "<group>"; };
		BC2FEB241B9E06B600A5D3C8 /* Images.xcassets */ = {isa = PBXFileReference; lastKnownFileType = folder.assetcatalog; path = Images.xcassets; sourceTree = "<group>"; };
		BC2FEB271B9E06B600A5D3C8 /* Base */ = {isa = PBXFileReference; lastKnownFileType = file.xib; name = Base; path = Base.lproj/LaunchScreen.xib; sourceTree = "<group>"; };
		BC2FEB2D1B9E06B600A5D3C8 /* BubbleTests.xctest */ = {isa = PBXFileReference; explicitFileType = wrapper.cfbundle; includeInIndex = 0; path = BubbleTests.xctest; sourceTree = BUILT_PRODUCTS_DIR; };
		BC2FEB321B9E06B600A5D3C8 /* Info.plist */ = {isa = PBXFileReference; lastKnownFileType = text.plist.xml; path = Info.plist; sourceTree = "<group>"; };
		BC2FEB331B9E06B600A5D3C8 /* BubbleTests.swift */ = {isa = PBXFileReference; lastKnownFileType = sourcecode.swift; path = BubbleTests.swift; sourceTree = "<group>"; };
		BC2FEB3D1BA590C300A5D3C8 /* ChatViewController.swift */ = {isa = PBXFileReference; fileEncoding = 4; lastKnownFileType = sourcecode.swift; path = ChatViewController.swift; sourceTree = "<group>"; };
		BC2FEB3F1BA5932900A5D3C8 /* CurrentLocationViewController.swift */ = {isa = PBXFileReference; fileEncoding = 4; lastKnownFileType = sourcecode.swift; path = CurrentLocationViewController.swift; sourceTree = "<group>"; };
		BC74B9D31BE504D400FE4F3E /* BubbleControl.swift */ = {isa = PBXFileReference; fileEncoding = 4; lastKnownFileType = sourcecode.swift; path = BubbleControl.swift; sourceTree = "<group>"; };
		BC74B9D51BE56B7B00FE4F3E /* UIImage+Resize.swift */ = {isa = PBXFileReference; fileEncoding = 4; lastKnownFileType = sourcecode.swift; path = "UIImage+Resize.swift"; sourceTree = "<group>"; };
		BC74B9D71BE5706E00FE4F3E /* String+AddText.swift */ = {isa = PBXFileReference; fileEncoding = 4; lastKnownFileType = sourcecode.swift; path = "String+AddText.swift"; sourceTree = "<group>"; };
		BC74B9FE1BF0DDCA00FE4F3E /* MyTabBarController.swift */ = {isa = PBXFileReference; fileEncoding = 4; lastKnownFileType = sourcecode.swift; path = MyTabBarController.swift; sourceTree = "<group>"; };
		BC74BA001BF0DF1800FE4F3E /* MyNavigationController.swift */ = {isa = PBXFileReference; fileEncoding = 4; lastKnownFileType = sourcecode.swift; path = MyNavigationController.swift; sourceTree = "<group>"; };
		BC74BA021BF0E13200FE4F3E /* MyImagePickerController.swift */ = {isa = PBXFileReference; fileEncoding = 4; lastKnownFileType = sourcecode.swift; path = MyImagePickerController.swift; sourceTree = "<group>"; };
		BCB9671B1BB83841002FAA0F /* Functions.swift */ = {isa = PBXFileReference; fileEncoding = 4; lastKnownFileType = sourcecode.swift; path = Functions.swift; sourceTree = "<group>"; };
		BCB9671E1BB8435F002FAA0F /* DataModel.xcdatamodel */ = {isa = PBXFileReference; lastKnownFileType = wrapper.xcdatamodel; path = DataModel.xcdatamodel; sourceTree = "<group>"; };
		BCB967201BB846B6002FAA0F /* Location+CoreDataProperties.swift */ = {isa = PBXFileReference; fileEncoding = 4; lastKnownFileType = sourcecode.swift; path = "Location+CoreDataProperties.swift"; sourceTree = "<group>"; };
		BCB967211BB846B6002FAA0F /* Location.swift */ = {isa = PBXFileReference; fileEncoding = 4; lastKnownFileType = sourcecode.swift; path = Location.swift; sourceTree = "<group>"; };
		BCCAFA2F1BAB40A000765DC7 /* SocketIO.framework */ = {isa = PBXFileReference; lastKnownFileType = wrapper.framework; name = SocketIO.framework; path = Carthage/Build/iOS/SocketIO.framework; sourceTree = "<group>"; };
		BCCAFA361BAB430400765DC7 /* SocketIO.framework.dSYM */ = {isa = PBXFileReference; lastKnownFileType = wrapper.dsym; name = SocketIO.framework.dSYM; path = Carthage/Build/iOS/SocketIO.framework.dSYM; sourceTree = "<group>"; };
		BCCAFA761BAB550600765DC7 /* Alamofire.framework */ = {isa = PBXFileReference; lastKnownFileType = wrapper.framework; name = Alamofire.framework; path = Carthage/Build/iOS/Alamofire.framework; sourceTree = "<group>"; };
		BCCAFA781BAB554900765DC7 /* Alamofire.framework.dSYM */ = {isa = PBXFileReference; lastKnownFileType = wrapper.dsym; name = Alamofire.framework.dSYM; path = Carthage/Build/iOS/Alamofire.framework.dSYM; sourceTree = "<group>"; };
		BCE013CC1BB44FF6000A0A42 /* CategoryPickerViewController.swift */ = {isa = PBXFileReference; fileEncoding = 4; lastKnownFileType = sourcecode.swift; path = CategoryPickerViewController.swift; sourceTree = "<group>"; };
		BCE013CE1BB47B13000A0A42 /* HudView.swift */ = {isa = PBXFileReference; fileEncoding = 4; lastKnownFileType = sourcecode.swift; path = HudView.swift; sourceTree = "<group>"; };
		BCE013D01BB82141000A0A42 /* Assets.xcassets */ = {isa = PBXFileReference; lastKnownFileType = folder.assetcatalog; path = Assets.xcassets; sourceTree = "<group>"; };
		BCECD9501BA6048400981A57 /* LocationDetailsViewController.swift */ = {isa = PBXFileReference; fileEncoding = 4; lastKnownFileType = sourcecode.swift; path = LocationDetailsViewController.swift; sourceTree = "<group>"; };
/* End PBXFileReference section */

/* Begin PBXFrameworksBuildPhase section */
		BC2FEB131B9E06B600A5D3C8 /* Frameworks */ = {
			isa = PBXFrameworksBuildPhase;
			buildActionMask = 2147483647;
			files = (
				BC17548C1BD6B34E002D1283 /* MapKit.framework in Frameworks */,
				BCCAFA771BAB550600765DC7 /* Alamofire.framework in Frameworks */,
				BCCAFA301BAB40A000765DC7 /* SocketIO.framework in Frameworks */,
			);
			runOnlyForDeploymentPostprocessing = 0;
		};
		BC2FEB2A1B9E06B600A5D3C8 /* Frameworks */ = {
			isa = PBXFrameworksBuildPhase;
			buildActionMask = 2147483647;
			files = (
			);
			runOnlyForDeploymentPostprocessing = 0;
		};
/* End PBXFrameworksBuildPhase section */

/* Begin PBXGroup section */
		BC2553A21BF8F6600010320C /* Sound */ = {
			isa = PBXGroup;
			children = (
				BC2553A31BF8F6600010320C /* Sound.caf */,
			);
			path = Sound;
			sourceTree = "<group>";
		};
		BC2FEB0D1B9E06B600A5D3C8 = {
			isa = PBXGroup;
			children = (
				BC17548B1BD6B34E002D1283 /* MapKit.framework */,
				BCCAFA781BAB554900765DC7 /* Alamofire.framework.dSYM */,
				BCCAFA761BAB550600765DC7 /* Alamofire.framework */,
				BCCAFA361BAB430400765DC7 /* SocketIO.framework.dSYM */,
				BCCAFA2F1BAB40A000765DC7 /* SocketIO.framework */,
				BC2FEB181B9E06B600A5D3C8 /* Bubble */,
				BC2FEB301B9E06B600A5D3C8 /* BubbleTests */,
				BC2FEB171B9E06B600A5D3C8 /* Products */,
			);
			sourceTree = "<group>";
		};
		BC2FEB171B9E06B600A5D3C8 /* Products */ = {
			isa = PBXGroup;
			children = (
				BC2FEB161B9E06B600A5D3C8 /* Bubble.app */,
				BC2FEB2D1B9E06B600A5D3C8 /* BubbleTests.xctest */,
			);
			name = Products;
			sourceTree = "<group>";
		};
		BC2FEB181B9E06B600A5D3C8 /* Bubble */ = {
			isa = PBXGroup;
			children = (
				BC2553A21BF8F6600010320C /* Sound */,
				BCB967201BB846B6002FAA0F /* Location+CoreDataProperties.swift */,
				BCB967211BB846B6002FAA0F /* Location.swift */,
				BCB9671D1BB8435F002FAA0F /* DataModel.xcdatamodeld */,
				BCE013D01BB82141000A0A42 /* Assets.xcassets */,
				BC2FEB1B1B9E06B600A5D3C8 /* AppDelegate.swift */,
				BC2FEB1D1B9E06B600A5D3C8 /* PlazaViewController.swift */,
				BC2FEB3F1BA5932900A5D3C8 /* CurrentLocationViewController.swift */,
				BC2FEB1F1B9E06B600A5D3C8 /* EventViewController.swift */,
				BC2FEB211B9E06B600A5D3C8 /* Main.storyboard */,
				BC2FEB241B9E06B600A5D3C8 /* Images.xcassets */,
				BC2FEB261B9E06B600A5D3C8 /* LaunchScreen.xib */,
				BC2FEB191B9E06B600A5D3C8 /* Supporting Files */,
				BC2FEB3D1BA590C300A5D3C8 /* ChatViewController.swift */,
				BCECD9501BA6048400981A57 /* LocationDetailsViewController.swift */,
				BCE013CE1BB47B13000A0A42 /* HudView.swift */,
				BCB9671B1BB83841002FAA0F /* Functions.swift */,
				BCE013CC1BB44FF6000A0A42 /* CategoryPickerViewController.swift */,
				BC197B191BBEBAF2008D6110 /* LocationsViewController.swift */,
				BC197B1F1BC98938008D6110 /* LocationCell.swift */,
				BC17548D1BD6B491002D1283 /* MapViewController.swift */,
				BC74B9D31BE504D400FE4F3E /* BubbleControl.swift */,
				BC74B9D51BE56B7B00FE4F3E /* UIImage+Resize.swift */,
				BC74B9D71BE5706E00FE4F3E /* String+AddText.swift */,
				BC74B9FE1BF0DDCA00FE4F3E /* MyTabBarController.swift */,
				BC74BA001BF0DF1800FE4F3E /* MyNavigationController.swift */,
				BC74BA021BF0E13200FE4F3E /* MyImagePickerController.swift */,
			);
			path = Bubble;
			sourceTree = "<group>";
		};
		BC2FEB191B9E06B600A5D3C8 /* Supporting Files */ = {
			isa = PBXGroup;
			children = (
				BC2FEB1A1B9E06B600A5D3C8 /* Info.plist */,
			);
			name = "Supporting Files";
			sourceTree = "<group>";
		};
		BC2FEB301B9E06B600A5D3C8 /* BubbleTests */ = {
			isa = PBXGroup;
			children = (
				BC2FEB331B9E06B600A5D3C8 /* BubbleTests.swift */,
				BC2FEB311B9E06B600A5D3C8 /* Supporting Files */,
			);
			path = BubbleTests;
			sourceTree = "<group>";
		};
		BC2FEB311B9E06B600A5D3C8 /* Supporting Files */ = {
			isa = PBXGroup;
			children = (
				BC2FEB321B9E06B600A5D3C8 /* Info.plist */,
			);
			name = "Supporting Files";
			sourceTree = "<group>";
		};
/* End PBXGroup section */

/* Begin PBXNativeTarget section */
		BC2FEB151B9E06B600A5D3C8 /* Bubble */ = {
			isa = PBXNativeTarget;
			buildConfigurationList = BC2FEB371B9E06B600A5D3C8 /* Build configuration list for PBXNativeTarget "Bubble" */;
			buildPhases = (
				BC2FEB121B9E06B600A5D3C8 /* Sources */,
				BC2FEB131B9E06B600A5D3C8 /* Frameworks */,
				BC2FEB141B9E06B600A5D3C8 /* Resources */,
				BC1D75D31BA5C3D20032E950 /* ShellScript */,
				BCCAFA311BAB412900765DC7 /* CopyFiles */,
			);
			buildRules = (
			);
			dependencies = (
			);
			name = Bubble;
			productName = Bubble;
			productReference = BC2FEB161B9E06B600A5D3C8 /* Bubble.app */;
			productType = "com.apple.product-type.application";
		};
		BC2FEB2C1B9E06B600A5D3C8 /* BubbleTests */ = {
			isa = PBXNativeTarget;
			buildConfigurationList = BC2FEB3A1B9E06B600A5D3C8 /* Build configuration list for PBXNativeTarget "BubbleTests" */;
			buildPhases = (
				BC2FEB291B9E06B600A5D3C8 /* Sources */,
				BC2FEB2A1B9E06B600A5D3C8 /* Frameworks */,
				BC2FEB2B1B9E06B600A5D3C8 /* Resources */,
			);
			buildRules = (
			);
			dependencies = (
				BC2FEB2F1B9E06B600A5D3C8 /* PBXTargetDependency */,
			);
			name = BubbleTests;
			productName = BubbleTests;
			productReference = BC2FEB2D1B9E06B600A5D3C8 /* BubbleTests.xctest */;
			productType = "com.apple.product-type.bundle.unit-test";
		};
/* End PBXNativeTarget section */

/* Begin PBXProject section */
		BC2FEB0E1B9E06B600A5D3C8 /* Project object */ = {
			isa = PBXProject;
			attributes = {
				LastSwiftMigration = 0710;
				LastSwiftUpdateCheck = 0700;
				LastUpgradeCheck = 0700;
				ORGANIZATIONNAME = Sinbane;
				TargetAttributes = {
					BC2FEB151B9E06B600A5D3C8 = {
						CreatedOnToolsVersion = 6.4;
					};
					BC2FEB2C1B9E06B600A5D3C8 = {
						CreatedOnToolsVersion = 6.4;
						TestTargetID = BC2FEB151B9E06B600A5D3C8;
					};
				};
			};
			buildConfigurationList = BC2FEB111B9E06B600A5D3C8 /* Build configuration list for PBXProject "Bubble" */;
			compatibilityVersion = "Xcode 6.3";
			developmentRegion = English;
			hasScannedForEncodings = 0;
			knownRegions = (
				en,
				Base,
			);
			mainGroup = BC2FEB0D1B9E06B600A5D3C8;
			productRefGroup = BC2FEB171B9E06B600A5D3C8 /* Products */;
			projectDirPath = "";
			projectRoot = "";
			targets = (
				BC2FEB151B9E06B600A5D3C8 /* Bubble */,
				BC2FEB2C1B9E06B600A5D3C8 /* BubbleTests */,
			);
		};
/* End PBXProject section */

/* Begin PBXResourcesBuildPhase section */
		BC2FEB141B9E06B600A5D3C8 /* Resources */ = {
			isa = PBXResourcesBuildPhase;
			buildActionMask = 2147483647;
			files = (
				BC2FEB231B9E06B600A5D3C8 /* Main.storyboard in Resources */,
				BC2FEB281B9E06B600A5D3C8 /* LaunchScreen.xib in Resources */,
				BCE013D11BB82141000A0A42 /* Assets.xcassets in Resources */,
				BC2FEB251B9E06B600A5D3C8 /* Images.xcassets in Resources */,
				BC2553A41BF8F6600010320C /* Sound.caf in Resources */,
			);
			runOnlyForDeploymentPostprocessing = 0;
		};
		BC2FEB2B1B9E06B600A5D3C8 /* Resources */ = {
			isa = PBXResourcesBuildPhase;
			buildActionMask = 2147483647;
			files = (
			);
			runOnlyForDeploymentPostprocessing = 0;
		};
/* End PBXResourcesBuildPhase section */

/* Begin PBXShellScriptBuildPhase section */
		BC1D75D31BA5C3D20032E950 /* ShellScript */ = {
			isa = PBXShellScriptBuildPhase;
			buildActionMask = 2147483647;
			files = (
			);
			inputPaths = (
				"$(SRCROOT)/Carthage/Build/iOS/SocketIO.framework",
				"$(SRCROOT)/Carthage/Build/iOS/Alamofire.framework",
			);
			outputPaths = (
			);
			runOnlyForDeploymentPostprocessing = 0;
			shellPath = "/usr/local/bin/carthage copy-frameworks";
			shellScript = "copy the frameworks with carthage";
		};
/* End PBXShellScriptBuildPhase section */

/* Begin PBXSourcesBuildPhase section */
		BC2FEB121B9E06B600A5D3C8 /* Sources */ = {
			isa = PBXSourcesBuildPhase;
			buildActionMask = 2147483647;
			files = (
				BCECD9511BA6048400981A57 /* LocationDetailsViewController.swift in Sources */,
				BC74B9FF1BF0DDCA00FE4F3E /* MyTabBarController.swift in Sources */,
				BC74BA031BF0E13200FE4F3E /* MyImagePickerController.swift in Sources */,
				BCB9671F1BB8435F002FAA0F /* DataModel.xcdatamodeld in Sources */,
				BCB967221BB846B6002FAA0F /* Location+CoreDataProperties.swift in Sources */,
				BC74B9D81BE5706E00FE4F3E /* String+AddText.swift in Sources */,
				BC2FEB201B9E06B600A5D3C8 /* EventViewController.swift in Sources */,
				BC197B201BC98938008D6110 /* LocationCell.swift in Sources */,
				BCB9671C1BB83841002FAA0F /* Functions.swift in Sources */,
				BC2FEB401BA5932900A5D3C8 /* CurrentLocationViewController.swift in Sources */,
				BC2FEB1C1B9E06B600A5D3C8 /* AppDelegate.swift in Sources */,
				BCE013CF1BB47B13000A0A42 /* HudView.swift in Sources */,
				BC197B1A1BBEBAF2008D6110 /* LocationsViewController.swift in Sources */,
				BC2FEB3E1BA590C300A5D3C8 /* ChatViewController.swift in Sources */,
				BC74BA011BF0DF1800FE4F3E /* MyNavigationController.swift in Sources */,
				BC74B9D41BE504D400FE4F3E /* BubbleControl.swift in Sources */,
				BCE013CD1BB44FF6000A0A42 /* CategoryPickerViewController.swift in Sources */,
				BCB967231BB846B6002FAA0F /* Location.swift in Sources */,
				BC74B9D61BE56B7B00FE4F3E /* UIImage+Resize.swift in Sources */,
				BC17548E1BD6B491002D1283 /* MapViewController.swift in Sources */,
				BC2FEB1E1B9E06B600A5D3C8 /* PlazaViewController.swift in Sources */,
			);
			runOnlyForDeploymentPostprocessing = 0;
		};
		BC2FEB291B9E06B600A5D3C8 /* Sources */ = {
			isa = PBXSourcesBuildPhase;
			buildActionMask = 2147483647;
			files = (
				BC2FEB341B9E06B600A5D3C8 /* BubbleTests.swift in Sources */,
			);
			runOnlyForDeploymentPostprocessing = 0;
		};
/* End PBXSourcesBuildPhase section */

/* Begin PBXTargetDependency section */
		BC2FEB2F1B9E06B600A5D3C8 /* PBXTargetDependency */ = {
			isa = PBXTargetDependency;
			target = BC2FEB151B9E06B600A5D3C8 /* Bubble */;
			targetProxy = BC2FEB2E1B9E06B600A5D3C8 /* PBXContainerItemProxy */;
		};
/* End PBXTargetDependency section */

/* Begin PBXVariantGroup section */
		BC2FEB211B9E06B600A5D3C8 /* Main.storyboard */ = {
			isa = PBXVariantGroup;
			children = (
				BC2FEB221B9E06B600A5D3C8 /* Base */,
			);
			name = Main.storyboard;
			sourceTree = "<group>";
		};
		BC2FEB261B9E06B600A5D3C8 /* LaunchScreen.xib */ = {
			isa = PBXVariantGroup;
			children = (
				BC2FEB271B9E06B600A5D3C8 /* Base */,
			);
			name = LaunchScreen.xib;
			sourceTree = "<group>";
		};
/* End PBXVariantGroup section */

/* Begin XCBuildConfiguration section */
		BC2FEB351B9E06B600A5D3C8 /* Debug */ = {
			isa = XCBuildConfiguration;
			buildSettings = {
				ALWAYS_SEARCH_USER_PATHS = NO;
				CLANG_CXX_LANGUAGE_STANDARD = "gnu++0x";
				CLANG_CXX_LIBRARY = "libc++";
				CLANG_ENABLE_MODULES = YES;
				CLANG_ENABLE_OBJC_ARC = YES;
				CLANG_WARN_BOOL_CONVERSION = YES;
				CLANG_WARN_CONSTANT_CONVERSION = YES;
				CLANG_WARN_DIRECT_OBJC_ISA_USAGE = YES_ERROR;
				CLANG_WARN_EMPTY_BODY = YES;
				CLANG_WARN_ENUM_CONVERSION = YES;
				CLANG_WARN_INT_CONVERSION = YES;
				CLANG_WARN_OBJC_ROOT_CLASS = YES_ERROR;
				CLANG_WARN_UNREACHABLE_CODE = YES;
				CLANG_WARN__DUPLICATE_METHOD_MATCH = YES;
				"CODE_SIGN_IDENTITY[sdk=iphoneos*]" = "iPhone Developer";
				COPY_PHASE_STRIP = NO;
				DEBUG_INFORMATION_FORMAT = "dwarf-with-dsym";
				ENABLE_STRICT_OBJC_MSGSEND = YES;
				ENABLE_TESTABILITY = YES;
				GCC_C_LANGUAGE_STANDARD = gnu99;
				GCC_DYNAMIC_NO_PIC = NO;
				GCC_NO_COMMON_BLOCKS = YES;
				GCC_OPTIMIZATION_LEVEL = 0;
				GCC_PREPROCESSOR_DEFINITIONS = (
					"DEBUG=1",
					"$(inherited)",
				);
				GCC_SYMBOLS_PRIVATE_EXTERN = NO;
				GCC_WARN_64_TO_32_BIT_CONVERSION = YES;
				GCC_WARN_ABOUT_RETURN_TYPE = YES_ERROR;
				GCC_WARN_UNDECLARED_SELECTOR = YES;
				GCC_WARN_UNINITIALIZED_AUTOS = YES_AGGRESSIVE;
				GCC_WARN_UNUSED_FUNCTION = YES;
				GCC_WARN_UNUSED_VARIABLE = YES;
				IPHONEOS_DEPLOYMENT_TARGET = 8.4;
				MTL_ENABLE_DEBUG_INFO = YES;
				ONLY_ACTIVE_ARCH = YES;
				SDKROOT = iphoneos;
				SWIFT_OPTIMIZATION_LEVEL = "-Onone";
			};
			name = Debug;
		};
		BC2FEB361B9E06B600A5D3C8 /* Release */ = {
			isa = XCBuildConfiguration;
			buildSettings = {
				ALWAYS_SEARCH_USER_PATHS = NO;
				CLANG_CXX_LANGUAGE_STANDARD = "gnu++0x";
				CLANG_CXX_LIBRARY = "libc++";
				CLANG_ENABLE_MODULES = YES;
				CLANG_ENABLE_OBJC_ARC = YES;
				CLANG_WARN_BOOL_CONVERSION = YES;
				CLANG_WARN_CONSTANT_CONVERSION = YES;
				CLANG_WARN_DIRECT_OBJC_ISA_USAGE = YES_ERROR;
				CLANG_WARN_EMPTY_BODY = YES;
				CLANG_WARN_ENUM_CONVERSION = YES;
				CLANG_WARN_INT_CONVERSION = YES;
				CLANG_WARN_OBJC_ROOT_CLASS = YES_ERROR;
				CLANG_WARN_UNREACHABLE_CODE = YES;
				CLANG_WARN__DUPLICATE_METHOD_MATCH = YES;
				"CODE_SIGN_IDENTITY[sdk=iphoneos*]" = "iPhone Developer";
				COPY_PHASE_STRIP = NO;
				DEBUG_INFORMATION_FORMAT = "dwarf-with-dsym";
				ENABLE_NS_ASSERTIONS = NO;
				ENABLE_STRICT_OBJC_MSGSEND = YES;
				GCC_C_LANGUAGE_STANDARD = gnu99;
				GCC_NO_COMMON_BLOCKS = YES;
				GCC_WARN_64_TO_32_BIT_CONVERSION = YES;
				GCC_WARN_ABOUT_RETURN_TYPE = YES_ERROR;
				GCC_WARN_UNDECLARED_SELECTOR = YES;
				GCC_WARN_UNINITIALIZED_AUTOS = YES_AGGRESSIVE;
				GCC_WARN_UNUSED_FUNCTION = YES;
				GCC_WARN_UNUSED_VARIABLE = YES;
				IPHONEOS_DEPLOYMENT_TARGET = 8.4;
				MTL_ENABLE_DEBUG_INFO = NO;
				SDKROOT = iphoneos;
				VALIDATE_PRODUCT = YES;
			};
			name = Release;
		};
		BC2FEB381B9E06B600A5D3C8 /* Debug */ = {
			isa = XCBuildConfiguration;
			buildSettings = {
				ASSETCATALOG_COMPILER_APPICON_NAME = AppIcon;
				FRAMEWORK_SEARCH_PATHS = (
					"$(inherited)",
					"$(PROJECT_DIR)/Carthage/Build/iOS",
				);
				INFOPLIST_FILE = Bubble/Info.plist;
				LD_RUNPATH_SEARCH_PATHS = "$(inherited) @executable_path/Frameworks";
				PRODUCT_BUNDLE_IDENTIFIER = "com.sinbane.seattle.$(PRODUCT_NAME:rfc1034identifier)";
				PRODUCT_NAME = "$(TARGET_NAME)";
			};
			name = Debug;
		};
		BC2FEB391B9E06B600A5D3C8 /* Release */ = {
			isa = XCBuildConfiguration;
			buildSettings = {
				ASSETCATALOG_COMPILER_APPICON_NAME = AppIcon;
				FRAMEWORK_SEARCH_PATHS = (
					"$(inherited)",
					"$(PROJECT_DIR)/Carthage/Build/iOS",
				);
				INFOPLIST_FILE = Bubble/Info.plist;
				LD_RUNPATH_SEARCH_PATHS = "$(inherited) @executable_path/Frameworks";
				PRODUCT_BUNDLE_IDENTIFIER = "com.sinbane.seattle.$(PRODUCT_NAME:rfc1034identifier)";
				PRODUCT_NAME = "$(TARGET_NAME)";
			};
			name = Release;
		};
		BC2FEB3B1B9E06B600A5D3C8 /* Debug */ = {
			isa = XCBuildConfiguration;
			buildSettings = {
				BUNDLE_LOADER = "$(TEST_HOST)";
				FRAMEWORK_SEARCH_PATHS = "$(inherited)";
				GCC_PREPROCESSOR_DEFINITIONS = (
					"DEBUG=1",
					"$(inherited)",
				);
				INFOPLIST_FILE = BubbleTests/Info.plist;
				LD_RUNPATH_SEARCH_PATHS = "$(inherited) @executable_path/Frameworks @loader_path/Frameworks";
				PRODUCT_BUNDLE_IDENTIFIER = "com.sinbane.seattle.$(PRODUCT_NAME:rfc1034identifier)";
				PRODUCT_NAME = "$(TARGET_NAME)";
				TEST_HOST = "$(BUILT_PRODUCTS_DIR)/Bubble.app/Bubble";
			};
			name = Debug;
		};
		BC2FEB3C1B9E06B600A5D3C8 /* Release */ = {
			isa = XCBuildConfiguration;
			buildSettings = {
				BUNDLE_LOADER = "$(TEST_HOST)";
				FRAMEWORK_SEARCH_PATHS = "$(inherited)";
				INFOPLIST_FILE = BubbleTests/Info.plist;
				LD_RUNPATH_SEARCH_PATHS = "$(inherited) @executable_path/Frameworks @loader_path/Frameworks";
				PRODUCT_BUNDLE_IDENTIFIER = "com.sinbane.seattle.$(PRODUCT_NAME:rfc1034identifier)";
				PRODUCT_NAME = "$(TARGET_NAME)";
				TEST_HOST = "$(BUILT_PRODUCTS_DIR)/Bubble.app/Bubble";
			};
			name = Release;
		};
/* End XCBuildConfiguration section */

/* Begin XCConfigurationList section */
		BC2FEB111B9E06B600A5D3C8 /* Build configuration list for PBXProject "Bubble" */ = {
			isa = XCConfigurationList;
			buildConfigurations = (
				BC2FEB351B9E06B600A5D3C8 /* Debug */,
				BC2FEB361B9E06B600A5D3C8 /* Release */,
			);
			defaultConfigurationIsVisible = 0;
			defaultConfigurationName = Release;
		};
		BC2FEB371B9E06B600A5D3C8 /* Build configuration list for PBXNativeTarget "Bubble" */ = {
			isa = XCConfigurationList;
			buildConfigurations = (
				BC2FEB381B9E06B600A5D3C8 /* Debug */,
				BC2FEB391B9E06B600A5D3C8 /* Release */,
			);
			defaultConfigurationIsVisible = 0;
			defaultConfigurationName = Release;
		};
		BC2FEB3A1B9E06B600A5D3C8 /* Build configuration list for PBXNativeTarget "BubbleTests" */ = {
			isa = XCConfigurationList;
			buildConfigurations = (
				BC2FEB3B1B9E06B600A5D3C8 /* Debug */,
				BC2FEB3C1B9E06B600A5D3C8 /* Release */,
			);
			defaultConfigurationIsVisible = 0;
			defaultConfigurationName = Release;
		};
/* End XCConfigurationList section */

/* Begin XCVersionGroup section */
		BCB9671D1BB8435F002FAA0F /* DataModel.xcdatamodeld */ = {
			isa = XCVersionGroup;
			children = (
				BCB9671E1BB8435F002FAA0F /* DataModel.xcdatamodel */,
			);
			currentVersion = BCB9671E1BB8435F002FAA0F /* DataModel.xcdatamodel */;
			path = DataModel.xcdatamodeld;
			sourceTree = "<group>";
			versionGroupType = wrapper.xcdatamodel;
		};
/* End XCVersionGroup section */
	};
	rootObject = BC2FEB0E1B9E06B600A5D3C8 /* Project object */;
}
